{
  "name": "4npm",
  "version": "1.0.0",
  "lockfileVersion": 1,
  "dependencies": {
    "my-pack-d": {
      "version": "1.0.0",
      "resolved": "https://registry.npmjs.org/my-pack-d/-/my-pack-d-1.0.0.tgz",
      "integrity": "sha512-N7t8D/MhiTKeWQNgz3EetkrBED+/9PAP2ZR0SiHH5pCQCqUNbXaEFdIwIJSynAU0GNx7rmSgI24SBaAVH/pHOw=="
    }
  }
}
